
Microsoft Visual Studio Solution File, Format Version 12.00
# Visual Studio Version 17
VisualStudioVersion = 17.11.35219.272
MinimumVisualStudioVersion = 10.0.40219.1
Project("{FAE04EC0-301F-11D3-BF4B-00C04F79EFBC}") = "VeebiProjekt", "VeebiProjekt.csproj", "{201F8DFB-CBC2-4E19-9D68-60A5AE715EA1}"
EndProject
Global
	GlobalSection(SolutionConfigurationPlatforms) = preSolution
		Debug|Any CPU = Debug|Any CPU
		Release|Any CPU = Release|Any CPU
	EndGlobalSection
	GlobalSection(ProjectConfigurationPlatforms) = postSolution
		{201F8DFB-CBC2-4E19-9D68-60A5AE715EA1}.Debug|Any CPU.ActiveCfg = Debug|Any CPU
		{201F8DFB-CBC2-4E19-9D68-60A5AE715EA1}.Debug|Any CPU.Build.0 = Debug|Any CPU
		{201F8DFB-CBC2-4E19-9D68-60A5AE715EA1}.Release|Any CPU.ActiveCfg = Release|Any CPU
		{201F8DFB-CBC2-4E19-9D68-60A5AE715EA1}.Release|Any CPU.Build.0 = Release|Any CPU
	EndGlobalSection
	GlobalSection(SolutionProperties) = preSolution
		HideSolutionNode = FALSE
	EndGlobalSection
	GlobalSection(ExtensibilityGlobals) = postSolution
		SolutionGuid = {13DA7683-FBF2-460A-A46D-B1FD4AC55A60}
	EndGlobalSection
EndGlobal
